
Microsoft Visual Studio Solution File, Format Version 12.00
# Visual Studio Version 17
VisualStudioVersion = 17.1.32421.90
MinimumVisualStudioVersion = 10.0.40219.1
Project("{FAE04EC0-301F-11D3-BF4B-00C04F79EFBC}") = "RegistryTool", "RegistryTool.csproj", "{54A9A1D1-1341-4FCE-A8FF-A91C44A8C82E}"
EndProject
Global
	GlobalSection(SolutionConfigurationPlatforms) = preSolution
		Debug|Any CPU = Debug|Any CPU
		Debug|x64 = Debug|x64
		Release|Any CPU = Release|Any CPU
		Release|x64 = Release|x64
	EndGlobalSection
	GlobalSection(ProjectConfigurationPlatforms) = postSolution
		{54A9A1D1-1341-4FCE-A8FF-A91C44A8C82E}.Debug|Any CPU.ActiveCfg = Debug|Any CPU
		{54A9A1D1-1341-4FCE-A8FF-A91C44A8C82E}.Debug|Any CPU.Build.0 = Debug|Any CPU
		{54A9A1D1-1341-4FCE-A8FF-A91C44A8C82E}.Debug|x64.ActiveCfg = Debug|x64
		{54A9A1D1-1341-4FCE-A8FF-A91C44A8C82E}.Debug|x64.Build.0 = Debug|x64
		{54A9A1D1-1341-4FCE-A8FF-A91C44A8C82E}.Release|Any CPU.ActiveCfg = Release|Any CPU
		{54A9A1D1-1341-4FCE-A8FF-A91C44A8C82E}.Release|Any CPU.Build.0 = Release|Any CPU
		{54A9A1D1-1341-4FCE-A8FF-A91C44A8C82E}.Release|x64.ActiveCfg = Release|x64
		{54A9A1D1-1341-4FCE-A8FF-A91C44A8C82E}.Release|x64.Build.0 = Release|x64
	EndGlobalSection
	GlobalSection(SolutionProperties) = preSolution
		HideSolutionNode = FALSE
	EndGlobalSection
	GlobalSection(ExtensibilityGlobals) = postSolution
		SolutionGuid = {E21D56C9-703B-4FDB-8271-19B1CC5982DA}
	EndGlobalSection
EndGlobal
